
Microsoft Visual Studio Solution File, Format Version 12.00
# Visual Studio Version 16
VisualStudioVersion = 16.0.31605.320
MinimumVisualStudioVersion = 10.0.40219.1
Project("{FAE04EC0-301F-11D3-BF4B-00C04F79EFBC}") = "DelegateExample", "DelegateExample\DelegateExample.csproj", "{2F85BB6C-3BF3-4245-A25A-5D09A8537194}"
EndProject
Project("{2150E333-8FDC-42A3-9474-1A3956D46DE8}") = "01 - INSTRUCTION", "01 - INSTRUCTION", "{EBD5F0B7-9827-4BE2-B7B8-EBF2603E0BDC}"
	ProjectSection(SolutionItems) = preProject
		README.txt = README.txt
	EndProjectSection
EndProject
Global
	GlobalSection(SolutionConfigurationPlatforms) = preSolution
		Debug|Any CPU = Debug|Any CPU
		Release|Any CPU = Release|Any CPU
	EndGlobalSection
	GlobalSection(ProjectConfigurationPlatforms) = postSolution
		{2F85BB6C-3BF3-4245-A25A-5D09A8537194}.Debug|Any CPU.ActiveCfg = Debug|Any CPU
		{2F85BB6C-3BF3-4245-A25A-5D09A8537194}.Debug|Any CPU.Build.0 = Debug|Any CPU
		{2F85BB6C-3BF3-4245-A25A-5D09A8537194}.Release|Any CPU.ActiveCfg = Release|Any CPU
		{2F85BB6C-3BF3-4245-A25A-5D09A8537194}.Release|Any CPU.Build.0 = Release|Any CPU
	EndGlobalSection
	GlobalSection(SolutionProperties) = preSolution
		HideSolutionNode = FALSE
	EndGlobalSection
	GlobalSection(ExtensibilityGlobals) = postSolution
		SolutionGuid = {5ED357DB-1489-4E15-B2AD-A600C3302DF1}
	EndGlobalSection
EndGlobal
